// !$*UTF8*$!
{
	archiveVersion = 1;
	classes = {
	};
	objectVersion = 48;
	objects = {

/* Begin PBXBuildFile section */
		2F0C65DD1FB05AE400040AD3 /* AppDelegate.m in Sources */ = {isa = PBXBuildFile; fileRef = 2F0C65DC1FB05AE400040AD3 /* AppDelegate.m */; };
		2F0C65E01FB05AE400040AD3 /* ViewController.m in Sources */ = {isa = PBXBuildFile; fileRef = 2F0C65DF1FB05AE400040AD3 /* ViewController.m */; };
		2F0C65E31FB05AE400040AD3 /* Main.storyboard in Resources */ = {isa = PBXBuildFile; fileRef = 2F0C65E11FB05AE400040AD3 /* Main.storyboard */; };
		2F0C65E51FB05AE400040AD3 /* Assets.xcassets in Resources */ = {isa = PBXBuildFile; fileRef = 2F0C65E41FB05AE400040AD3 /* Assets.xcassets */; };
		2F0C65E81FB05AE400040AD3 /* LaunchScreen.storyboard in Resources */ = {isa = PBXBuildFile; fileRef = 2F0C65E61FB05AE400040AD3 /* LaunchScreen.storyboard */; };
		2F0C65EB1FB05AE400040AD3 /* main.m in Sources */ = {isa = PBXBuildFile; fileRef = 2F0C65EA1FB05AE400040AD3 /* main.m */; };
		2F0C65F51FB05AE400040AD3 /* testGitTests.m in Sources */ = {isa = PBXBuildFile; fileRef = 2F0C65F41FB05AE400040AD3 /* testGitTests.m */; };
		2F0C66001FB05AE400040AD3 /* testGitUITests.m in Sources */ = {isa = PBXBuildFile; fileRef = 2F0C65FF1FB05AE400040AD3 /* testGitUITests.m */; };
/* End PBXBuildFile section */

/* Begin PBXContainerItemProxy section */
		2F0C65F11FB05AE400040AD3 /* PBXContainerItemProxy */ = {
			isa = PBXContainerItemProxy;
			containerPortal = 2F0C65D01FB05AE400040AD3 /* Project object */;
			proxyType = 1;
			remoteGlobalIDString = 2F0C65D71FB05AE400040AD3;
			remoteInfo = testGit;
		};
		2F0C65FC1FB05AE400040AD3 /* PBXContainerItemProxy */ = {
			isa = PBXContainerItemProxy;
			containerPortal = 2F0C65D01FB05AE400040AD3 /* Project object */;
			proxyType = 1;
			remoteGlobalIDString = 2F0C65D71FB05AE400040AD3;
			remoteInfo = testGit;
		};
/* End PBXContainerItemProxy section */

/* Begin PBXFileReference section */
		2F0C65D81FB05AE400040AD3 /* testGit.app */ = {isa = PBXFileReference; explicitFileType = wrapper.application; includeInIndex = 0; path = testGit.app; sourceTree = BUILT_PRODUCTS_DIR; };
		2F0C65DB1FB05AE400040AD3 /* AppDelegate.h */ = {isa = PBXFileReference; lastKnownFileType = sourcecode.c.h; path = AppDelegate.h; sourceTree = "<group>"; };
		2F0C65DC1FB05AE400040AD3 /* AppDelegate.m */ = {isa = PBXFileReference; lastKnownFileType = sourcecode.c.objc; path = AppDelegate.m; sourceTree = "<group>"; };
		2F0C65DE1FB05AE400040AD3 /* ViewController.h */ = {isa = PBXFileReference; lastKnownFileType = sourcecode.c.h; path = ViewController.h; sourceTree = "<group>"; };
		2F0C65DF1FB05AE400040AD3 /* ViewController.m */ = {isa = PBXFileReference; lastKnownFileType = sourcecode.c.objc; path = ViewController.m; sourceTree = "<group>"; };
		2F0C65E21FB05AE400040AD3 /* Base */ = {isa = PBXFileReference; lastKnownFileType = file.storyboard; name = Base; path = Base.lproj/Main.storyboard; sourceTree = "<group>"; };
		2F0C65E41FB05AE400040AD3 /* Assets.xcassets */ = {isa = PBXFileReference; lastKnownFileType = folder.assetcatalog; path = Assets.xcassets; sourceTree = "<group>"; };
		2F0C65E71FB05AE400040AD3 /* Base */ = {isa = PBXFileReference; lastKnownFileType = file.storyboard; name = Base; path = Base.lproj/LaunchScreen.storyboard; sourceTree = "<group>"; };
		2F0C65E91FB05AE400040AD3 /* Info.plist */ = {isa = PBXFileReference; lastKnownFileType = text.plist.xml; path = Info.plist; sourceTree = "<group>"; };
		2F0C65EA1FB05AE400040AD3 /* main.m */ = {isa = PBXFileReference; lastKnownFileType = sourcecode.c.objc; path = main.m; sourceTree = "<group>"; };
		2F0C65F01FB05AE400040AD3 /* testGitTests.xctest */ = {isa = PBXFileReference; explicitFileType = wrapper.cfbundle; includeInIndex = 0; path = testGitTests.xctest; sourceTree = BUILT_PRODUCTS_DIR; };
		2F0C65F41FB05AE400040AD3 /* testGitTests.m */ = {isa = PBXFileReference; lastKnownFileType = sourcecode.c.objc; path = testGitTests.m; sourceTree = "<group>"; };
		2F0C65F61FB05AE400040AD3 /* Info.plist */ = {isa = PBXFileReference; lastKnownFileType = text.plist.xml; path = Info.plist; sourceTree = "<group>"; };
		2F0C65FB1FB05AE400040AD3 /* testGitUITests.xctest */ = {isa = PBXFileReference; explicitFileType = wrapper.cfbundle; includeInIndex = 0; path = testGitUITests.xctest; sourceTree = BUILT_PRODUCTS_DIR; };
		2F0C65FF1FB05AE400040AD3 /* testGitUITests.m */ = {isa = PBXFileReference; lastKnownFileType = sourcecode.c.objc; path = testGitUITests.m; sourceTree = "<group>"; };
		2F0C66011FB05AE400040AD3 /* Info.plist */ = {isa = PBXFileReference; lastKnownFileType = text.plist.xml; path = Info.plist; sourceTree = "<group>"; };
/* End PBXFileReference section */

/* Begin PBXFrameworksBuildPhase section */
		2F0C65D51FB05AE400040AD3 /* Frameworks */ = {
			isa = PBXFrameworksBuildPhase;
			buildActionMask = 2147483647;
			files = (
			);
			runOnlyForDeploymentPostprocessing = 0;
		};
		2F0C65ED1FB05AE400040AD3 /* Frameworks */ = {
			isa = PBXFrameworksBuildPhase;
			buildActionMask = 2147483647;
			files = (
			);
			runOnlyForDeploymentPostprocessing = 0;
		};
		2F0C65F81FB05AE400040AD3 /* Frameworks */ = {
			isa = PBXFrameworksBuildPhase;
			buildActionMask = 2147483647;
			files = (
			);
			runOnlyForDeploymentPostprocessing = 0;
		};
/* End PBXFrameworksBuildPhase section */

/* Begin PBXGroup section */
		2F0C65CF1FB05AE400040AD3 = {
			isa = PBXGroup;
			children = (
				2F0C65DA1FB05AE400040AD3 /* testGit */,
				2F0C65F31FB05AE400040AD3 /* testGitTests */,
				2F0C65FE1FB05AE400040AD3 /* testGitUITests */,
				2F0C65D91FB05AE400040AD3 /* Products */,
			);
			sourceTree = "<group>";
		};
		2F0C65D91FB05AE400040AD3 /* Products */ = {
			isa = PBXGroup;
			children = (
				2F0C65D81FB05AE400040AD3 /* testGit.app */,
				2F0C65F01FB05AE400040AD3 /* testGitTests.xctest */,
				2F0C65FB1FB05AE400040AD3 /* testGitUITests.xctest */,
			);
			name = Products;
			sourceTree = "<group>";
		};
		2F0C65DA1FB05AE400040AD3 /* testGit */ = {
			isa = PBXGroup;
			children = (
				2F0C65DB1FB05AE400040AD3 /* AppDelegate.h */,
				2F0C65DC1FB05AE400040AD3 /* AppDelegate.m */,
				2F0C65DE1FB05AE400040AD3 /* ViewController.h */,
				2F0C65DF1FB05AE400040AD3 /* ViewController.m */,
				2F0C65E11FB05AE400040AD3 /* Main.storyboard */,
				2F0C65E41FB05AE400040AD3 /* Assets.xcassets */,
				2F0C65E61FB05AE400040AD3 /* LaunchScreen.storyboard */,
				2F0C65E91FB05AE400040AD3 /* Info.plist */,
				2F0C65EA1FB05AE400040AD3 /* main.m */,
			);
			path = testGit;
			sourceTree = "<group>";
		};
		2F0C65F31FB05AE400040AD3 /* testGitTests */ = {
			isa = PBXGroup;
			children = (
				2F0C65F41FB05AE400040AD3 /* testGitTests.m */,
				2F0C65F61FB05AE400040AD3 /* Info.plist */,
			);
			path = testGitTests;
			sourceTree = "<group>";
		};
		2F0C65FE1FB05AE400040AD3 /* testGitUITests */ = {
			isa = PBXGroup;
			children = (
				2F0C65FF1FB05AE400040AD3 /* testGitUITests.m */,
				2F0C66011FB05AE400040AD3 /* Info.plist */,
			);
			path = testGitUITests;
			sourceTree = "<group>";
		};
/* End PBXGroup section */

/* Begin PBXNativeTarget section */
		2F0C65D71FB05AE400040AD3 /* testGit */ = {
			isa = PBXNativeTarget;
			buildConfigurationList = 2F0C66041FB05AE400040AD3 /* Build configuration list for PBXNativeTarget "testGit" */;
			buildPhases = (
				2F0C65D41FB05AE400040AD3 /* Sources */,
				2F0C65D51FB05AE400040AD3 /* Frameworks */,
				2F0C65D61FB05AE400040AD3 /* Resources */,
			);
			buildRules = (
			);
			dependencies = (
			);
			name = testGit;
			productName = testGit;
			productReference = 2F0C65D81FB05AE400040AD3 /* testGit.app */;
			productType = "com.apple.product-type.application";
		};
		2F0C65EF1FB05AE400040AD3 /* testGitTests */ = {
			isa = PBXNativeTarget;
			buildConfigurationList = 2F0C66071FB05AE400040AD3 /* Build configuration list for PBXNativeTarget "testGitTests" */;
			buildPhases = (
				2F0C65EC1FB05AE400040AD3 /* Sources */,
				2F0C65ED1FB05AE400040AD3 /* Frameworks */,
				2F0C65EE1FB05AE400040AD3 /* Resources */,
			);
			buildRules = (
			);
			dependencies = (
				2F0C65F21FB05AE400040AD3 /* PBXTargetDependency */,
			);
			name = testGitTests;
			productName = testGitTests;
			productReference = 2F0C65F01FB05AE400040AD3 /* testGitTests.xctest */;
			productType = "com.apple.product-type.bundle.unit-test";
		};
		2F0C65FA1FB05AE400040AD3 /* testGitUITests */ = {
			isa = PBXNativeTarget;
			buildConfigurationList = 2F0C660A1FB05AE400040AD3 /* Build configuration list for PBXNativeTarget "testGitUITests" */;
			buildPhases = (
				2F0C65F71FB05AE400040AD3 /* Sources */,
				2F0C65F81FB05AE400040AD3 /* Frameworks */,
				2F0C65F91FB05AE400040AD3 /* Resources */,
			);
			buildRules = (
			);
			dependencies = (
				2F0C65FD1FB05AE400040AD3 /* PBXTargetDependency */,
			);
			name = testGitUITests;
			productName = testGitUITests;
			productReference = 2F0C65FB1FB05AE400040AD3 /* testGitUITests.xctest */;
			productType = "com.apple.product-type.bundle.ui-testing";
		};
/* End PBXNativeTarget section */

/* Begin PBXProject section */
		2F0C65D01FB05AE400040AD3 /* Project object */ = {
			isa = PBXProject;
			attributes = {
				LastUpgradeCheck = 0900;
				ORGANIZATIONNAME = clouddrink;
				TargetAttributes = {
					2F0C65D71FB05AE400040AD3 = {
						CreatedOnToolsVersion = 9.0;
						ProvisioningStyle = Automatic;
					};
					2F0C65EF1FB05AE400040AD3 = {
						CreatedOnToolsVersion = 9.0;
						ProvisioningStyle = Automatic;
						TestTargetID = 2F0C65D71FB05AE400040AD3;
					};
					2F0C65FA1FB05AE400040AD3 = {
						CreatedOnToolsVersion = 9.0;
						ProvisioningStyle = Automatic;
						TestTargetID = 2F0C65D71FB05AE400040AD3;
					};
				};
			};
			buildConfigurationList = 2F0C65D31FB05AE400040AD3 /* Build configuration list for PBXProject "testGit" */;
			compatibilityVersion = "Xcode 8.0";
			developmentRegion = en;
			hasScannedForEncodings = 0;
			knownRegions = (
				en,
				Base,
			);
			mainGroup = 2F0C65CF1FB05AE400040AD3;
			productRefGroup = 2F0C65D91FB05AE400040AD3 /* Products */;
			projectDirPath = "";
			projectRoot = "";
			targets = (
				2F0C65D71FB05AE400040AD3 /* testGit */,
				2F0C65EF1FB05AE400040AD3 /* testGitTests */,
				2F0C65FA1FB05AE400040AD3 /* testGitUITests */,
			);
		};
/* End PBXProject section */

/* Begin PBXResourcesBuildPhase section */
		2F0C65D61FB05AE400040AD3 /* Resources */ = {
			isa = PBXResourcesBuildPhase;
			buildActionMask = 2147483647;
			files = (
				2F0C65E81FB05AE400040AD3 /* LaunchScreen.storyboard in Resources */,
				2F0C65E51FB05AE400040AD3 /* Assets.xcassets in Resources */,
				2F0C65E31FB05AE400040AD3 /* Main.storyboard in Resources */,
			);
			runOnlyForDeploymentPostprocessing = 0;
		};
		2F0C65EE1FB05AE400040AD3 /* Resources */ = {
			isa = PBXResourcesBuildPhase;
			buildActionMask = 2147483647;
			files = (
			);
			runOnlyForDeploymentPostprocessing = 0;
		};
		2F0C65F91FB05AE400040AD3 /* Resources */ = {
			isa = PBXResourcesBuildPhase;
			buildActionMask = 2147483647;
			files = (
			);
			runOnlyForDeploymentPostprocessing = 0;
		};
/* End PBXResourcesBuildPhase section */

/* Begin PBXSourcesBuildPhase section */
		2F0C65D41FB05AE400040AD3 /* Sources */ = {
			isa = PBXSourcesBuildPhase;
			buildActionMask = 2147483647;
			files = (
				2F0C65E01FB05AE400040AD3 /* ViewController.m in Sources */,
				2F0C65EB1FB05AE400040AD3 /* main.m in Sources */,
				2F0C65DD1FB05AE400040AD3 /* AppDelegate.m in Sources */,
			);
			runOnlyForDeploymentPostprocessing = 0;
		};
		2F0C65EC1FB05AE400040AD3 /* Sources */ = {
			isa = PBXSourcesBuildPhase;
			buildActionMask = 2147483647;
			files = (
				2F0C65F51FB05AE400040AD3 /* testGitTests.m in Sources */,
			);
			runOnlyForDeploymentPostprocessing = 0;
		};
		2F0C65F71FB05AE400040AD3 /* Sources */ = {
			isa = PBXSourcesBuildPhase;
			buildActionMask = 2147483647;
			files = (
				2F0C66001FB05AE400040AD3 /* testGitUITests.m in Sources */,
			);
			runOnlyForDeploymentPostprocessing = 0;
		};
/* End PBXSourcesBuildPhase section */

/* Begin PBXTargetDependency section */
		2F0C65F21FB05AE400040AD3 /* PBXTargetDependency */ = {
			isa = PBXTargetDependency;
			target = 2F0C65D71FB05AE400040AD3 /* testGit */;
			targetProxy = 2F0C65F11FB05AE400040AD3 /* PBXContainerItemProxy */;
		};
		2F0C65FD1FB05AE400040AD3 /* PBXTargetDependency */ = {
			isa = PBXTargetDependency;
			target = 2F0C65D71FB05AE400040AD3 /* testGit */;
			targetProxy = 2F0C65FC1FB05AE400040AD3 /* PBXContainerItemProxy */;
		};
/* End PBXTargetDependency section */

/* Begin PBXVariantGroup section */
		2F0C65E11FB05AE400040AD3 /* Main.storyboard */ = {
			isa = PBXVariantGroup;
			children = (
				2F0C65E21FB05AE400040AD3 /* Base */,
			);
			name = Main.storyboard;
			sourceTree = "<group>";
		};
		2F0C65E61FB05AE400040AD3 /* LaunchScreen.storyboard */ = {
			isa = PBXVariantGroup;
			children = (
				2F0C65E71FB05AE400040AD3 /* Base */,
			);
			name = LaunchScreen.storyboard;
			sourceTree = "<group>";
		};
/* End PBXVariantGroup section */

/* Begin XCBuildConfiguration section */
		2F0C66021FB05AE400040AD3 /* Debug */ = {
			isa = XCBuildConfiguration;
			buildSettings = {
				ALWAYS_SEARCH_USER_PATHS = NO;
				CLANG_ANALYZER_NONNULL = YES;
				CLANG_ANALYZER_NUMBER_OBJECT_CONVERSION = YES_AGGRESSIVE;
				CLANG_CXX_LANGUAGE_STANDARD = "gnu++14";
				CLANG_CXX_LIBRARY = "libc++";
				CLANG_ENABLE_MODULES = YES;
				CLANG_ENABLE_OBJC_ARC = YES;
				CLANG_WARN_BLOCK_CAPTURE_AUTORELEASING = YES;
				CLANG_WARN_BOOL_CONVERSION = YES;
				CLANG_WARN_COMMA = YES;
				CLANG_WARN_CONSTANT_CONVERSION = YES;
				CLANG_WARN_DIRECT_OBJC_ISA_USAGE = YES_ERROR;
				CLANG_WARN_DOCUMENTATION_COMMENTS = YES;
				CLANG_WARN_EMPTY_BODY = YES;
				CLANG_WARN_ENUM_CONVERSION = YES;
				CLANG_WARN_INFINITE_RECURSION = YES;
				CLANG_WARN_INT_CONVERSION = YES;
				CLANG_WARN_NON_LITERAL_NULL_CONVERSION = YES;
				CLANG_WARN_OBJC_LITERAL_CONVERSION = YES;
				CLANG_WARN_OBJC_ROOT_CLASS = YES_ERROR;
				CLANG_WARN_RANGE_LOOP_ANALYSIS = YES;
				CLANG_WARN_STRICT_PROTOTYPES = YES;
				CLANG_WARN_SUSPICIOUS_MOVE = YES;
				CLANG_WARN_UNGUARDED_AVAILABILITY = YES_AGGRESSIVE;
				CLANG_WARN_UNREACHABLE_CODE = YES;
				CLANG_WARN__DUPLICATE_METHOD_MATCH = YES;
				CODE_SIGN_IDENTITY = "iPhone Developer";
				COPY_PHASE_STRIP = NO;
				DEBUG_INFORMATION_FORMAT = dwarf;
				ENABLE_STRICT_OBJC_MSGSEND = YES;
				ENABLE_TESTABILITY = YES;
				GCC_C_LANGUAGE_STANDARD = gnu11;
				GCC_DYNAMIC_NO_PIC = NO;
				GCC_NO_COMMON_BLOCKS = YES;
				GCC_OPTIMIZATION_LEVEL = 0;
				GCC_PREPROCESSOR_DEFINITIONS = (
					"DEBUG=1",
					"$(inherited)",
				);
				GCC_WARN_64_TO_32_BIT_CONVERSION = YES;
				GCC_WARN_ABOUT_RETURN_TYPE = YES_ERROR;
				GCC_WARN_UNDECLARED_SELECTOR = YES;
				GCC_WARN_UNINITIALIZED_AUTOS = YES_AGGRESSIVE;
				GCC_WARN_UNUSED_FUNCTION = YES;
				GCC_WARN_UNUSED_VARIABLE = YES;
				IPHONEOS_DEPLOYMENT_TARGET = 11.0;
				MTL_ENABLE_DEBUG_INFO = YES;
				ONLY_ACTIVE_ARCH = YES;
				SDKROOT = iphoneos;
			};
			name = Debug;
		};
		2F0C66031FB05AE400040AD3 /* Release */ = {
			isa = XCBuildConfiguration;
			buildSettings = {
				ALWAYS_SEARCH_USER_PATHS = NO;
				CLANG_ANALYZER_NONNULL = YES;
				CLANG_ANALYZER_NUMBER_OBJECT_CONVERSION = YES_AGGRESSIVE;
				CLANG_CXX_LANGUAGE_STANDARD = "gnu++14";
				CLANG_CXX_LIBRARY = "libc++";
				CLANG_ENABLE_MODULES = YES;
				CLANG_ENABLE_OBJC_ARC = YES;
				CLANG_WARN_BLOCK_CAPTURE_AUTORELEASING = YES;
				CLANG_WARN_BOOL_CONVERSION = YES;
				CLANG_WARN_COMMA = YES;
				CLANG_WARN_CONSTANT_CONVERSION = YES;
				CLANG_WARN_DIRECT_OBJC_ISA_USAGE = YES_ERROR;
				CLANG_WARN_DOCUMENTATION_COMMENTS = YES;
				CLANG_WARN_EMPTY_BODY = YES;
				CLANG_WARN_ENUM_CONVERSION = YES;
				CLANG_WARN_INFINITE_RECURSION = YES;
				CLANG_WARN_INT_CONVERSION = YES;
				CLANG_WARN_NON_LITERAL_NULL_CONVERSION = YES;
				CLANG_WARN_OBJC_LITERAL_CONVERSION = YES;
				CLANG_WARN_OBJC_ROOT_CLASS = YES_ERROR;
				CLANG_WARN_RANGE_LOOP_ANALYSIS = YES;
				CLANG_WARN_STRICT_PROTOTYPES = YES;
				CLANG_WARN_SUSPICIOUS_MOVE = YES;
				CLANG_WARN_UNGUARDED_AVAILABILITY = YES_AGGRESSIVE;
				CLANG_WARN_UNREACHABLE_CODE = YES;
				CLANG_WARN__DUPLICATE_METHOD_MATCH = YES;
				CODE_SIGN_IDENTITY = "iPhone Developer";
				COPY_PHASE_STRIP = NO;
				DEBUG_INFORMATION_FORMAT = "dwarf-with-dsym";
				ENABLE_NS_ASSERTIONS = NO;
				ENABLE_STRICT_OBJC_MSGSEND = YES;
				GCC_C_LANGUAGE_STANDARD = gnu11;
				GCC_NO_COMMON_BLOCKS = YES;
				GCC_WARN_64_TO_32_BIT_CONVERSION = YES;
				GCC_WARN_ABOUT_RETURN_TYPE = YES_ERROR;
				GCC_WARN_UNDECLARED_SELECTOR = YES;
				GCC_WARN_UNINITIALIZED_AUTOS = YES_AGGRESSIVE;
				GCC_WARN_UNUSED_FUNCTION = YES;
				GCC_WARN_UNUSED_VARIABLE = YES;
				IPHONEOS_DEPLOYMENT_TARGET = 11.0;
				MTL_ENABLE_DEBUG_INFO = NO;
				SDKROOT = iphoneos;
				VALIDATE_PRODUCT = YES;
			};
			name = Release;
		};
		2F0C66051FB05AE400040AD3 /* Debug */ = {
			isa = XCBuildConfiguration;
			buildSettings = {
				ASSETCATALOG_COMPILER_APPICON_NAME = AppIcon;
				CODE_SIGN_STYLE = Automatic;
				DEVELOPMENT_TEAM = UKKE4M24J7;
				INFOPLIST_FILE = testGit/Info.plist;
				LD_RUNPATH_SEARCH_PATHS = "$(inherited) @executable_path/Frameworks";
				PRODUCT_BUNDLE_IDENTIFIER = clouddrink.testGit;
				PRODUCT_NAME = "$(TARGET_NAME)";
				TARGETED_DEVICE_FAMILY = "1,2";
			};
			name = Debug;
		};
		2F0C66061FB05AE400040AD3 /* Release */ = {
			isa = XCBuildConfiguration;
			buildSettings = {
				ASSETCATALOG_COMPILER_APPICON_NAME = AppIcon;
				CODE_SIGN_STYLE = Automatic;
				DEVELOPMENT_TEAM = UKKE4M24J7;
				INFOPLIST_FILE = testGit/Info.plist;
				LD_RUNPATH_SEARCH_PATHS = "$(inherited) @executable_path/Frameworks";
				PRODUCT_BUNDLE_IDENTIFIER = clouddrink.testGit;
				PRODUCT_NAME = "$(TARGET_NAME)";
				TARGETED_DEVICE_FAMILY = "1,2";
			};
			name = Release;
		};
		2F0C66081FB05AE400040AD3 /* Debug */ = {
			isa = XCBuildConfiguration;
			buildSettings = {
				BUNDLE_LOADER = "$(TEST_HOST)";
				CODE_SIGN_STYLE = Automatic;
				DEVELOPMENT_TEAM = UKKE4M24J7;
				INFOPLIST_FILE = testGitTests/Info.plist;
				LD_RUNPATH_SEARCH_PATHS = "$(inherited) @executable_path/Frameworks @loader_path/Frameworks";
				PRODUCT_BUNDLE_IDENTIFIER = clouddrink.testGitTests;
				PRODUCT_NAME = "$(TARGET_NAME)";
				TARGETED_DEVICE_FAMILY = "1,2";
				TEST_HOST = "$(BUILT_PRODUCTS_DIR)/testGit.app/testGit";
			};
			name = Debug;
		};
		2F0C66091FB05AE400040AD3 /* Release */ = {
			isa = XCBuildConfiguration;
			buildSettings = {
				BUNDLE_LOADER = "$(TEST_HOST)";
				CODE_SIGN_STYLE = Automatic;
				DEVELOPMENT_TEAM = UKKE4M24J7;
				INFOPLIST_FILE = testGitTests/Info.plist;
				LD_RUNPATH_SEARCH_PATHS = "$(inherited) @executable_path/Frameworks @loader_path/Frameworks";
				PRODUCT_BUNDLE_IDENTIFIER = clouddrink.testGitTests;
				PRODUCT_NAME = "$(TARGET_NAME)";
				TARGETED_DEVICE_FAMILY = "1,2";
				TEST_HOST = "$(BUILT_PRODUCTS_DIR)/testGit.app/testGit";
			};
			name = Release;
		};
		2F0C660B1FB05AE400040AD3 /* Debug */ = {
			isa = XCBuildConfiguration;
			buildSettings = {
				CODE_SIGN_STYLE = Automatic;
				DEVELOPMENT_TEAM = UKKE4M24J7;
				INFOPLIST_FILE = testGitUITests/Info.plist;
				LD_RUNPATH_SEARCH_PATHS = "$(inherited) @executable_path/Frameworks @loader_path/Frameworks";
				PRODUCT_BUNDLE_IDENTIFIER = clouddrink.testGitUITests;
				PRODUCT_NAME = "$(TARGET_NAME)";
				TARGETED_DEVICE_FAMILY = "1,2";
				TEST_TARGET_NAME = testGit;
			};
			name = Debug;
		};
		2F0C660C1FB05AE400040AD3 /* Release */ = {
			isa = XCBuildConfiguration;
			buildSettings = {
				CODE_SIGN_STYLE = Automatic;
				DEVELOPMENT_TEAM = UKKE4M24J7;
				INFOPLIST_FILE = testGitUITests/Info.plist;
				LD_RUNPATH_SEARCH_PATHS = "$(inherited) @executable_path/Frameworks @loader_path/Frameworks";
				PRODUCT_BUNDLE_IDENTIFIER = clouddrink.testGitUITests;
				PRODUCT_NAME = "$(TARGET_NAME)";
				TARGETED_DEVICE_FAMILY = "1,2";
				TEST_TARGET_NAME = testGit;
			};
			name = Release;
		};
/* End XCBuildConfiguration section */

/* Begin XCConfigurationList section */
		2F0C65D31FB05AE400040AD3 /* Build configuration list for PBXProject "testGit" */ = {
			isa = XCConfigurationList;
			buildConfigurations = (
				2F0C66021FB05AE400040AD3 /* Debug */,
				2F0C66031FB05AE400040AD3 /* Release */,
			);
			defaultConfigurationIsVisible = 0;
			defaultConfigurationName = Release;
		};
		2F0C66041FB05AE400040AD3 /* Build configuration list for PBXNativeTarget "testGit" */ = {
			isa = XCConfigurationList;
			buildConfigurations = (
				2F0C66051FB05AE400040AD3 /* Debug */,
				2F0C66061FB05AE400040AD3 /* Release */,
			);
			defaultConfigurationIsVisible = 0;
			defaultConfigurationName = Release;
		};
		2F0C66071FB05AE400040AD3 /* Build configuration list for PBXNativeTarget "testGitTests" */ = {
			isa = XCConfigurationList;
			buildConfigurations = (
				2F0C66081FB05AE400040AD3 /* Debug */,
				2F0C66091FB05AE400040AD3 /* Release */,
			);
			defaultConfigurationIsVisible = 0;
			defaultConfigurationName = Release;
		};
		2F0C660A1FB05AE400040AD3 /* Build configuration list for PBXNativeTarget "testGitUITests" */ = {
			isa = XCConfigurationList;
			buildConfigurations = (
				2F0C660B1FB05AE400040AD3 /* Debug */,
				2F0C660C1FB05AE400040AD3 /* Release */,
			);
			defaultConfigurationIsVisible = 0;
			defaultConfigurationName = Release;
		};
/* End XCConfigurationList section */
	};
	rootObject = 2F0C65D01FB05AE400040AD3 /* Project object */;
}
